// !$*UTF8*$!
{
	archiveVersion = 1;
	classes = {
	};
	objectVersion = 56;
	objects = {

/* Begin PBXBuildFile section */
		E10039652C7A626800B83B67 /* DessertRecipeDetailsView.swift in Sources */ = {isa = PBXBuildFile; fileRef = E10039642C7A626800B83B67 /* DessertRecipeDetailsView.swift */; };
		E100396A2C7A6D2000B83B67 /* DessertRecipeService.swift in Sources */ = {isa = PBXBuildFile; fileRef = E10039692C7A6D2000B83B67 /* DessertRecipeService.swift */; };
		E100396D2C7A6E4B00B83B67 /* DessertRecipe.swift in Sources */ = {isa = PBXBuildFile; fileRef = E100396C2C7A6E4B00B83B67 /* DessertRecipe.swift */; };
		E10039702C7A798A00B83B67 /* DessertRecipeViewModel.swift in Sources */ = {isa = PBXBuildFile; fileRef = E100396F2C7A798A00B83B67 /* DessertRecipeViewModel.swift */; };
		E10039722C7B867D00B83B67 /* DessertRecipeDetailsViewModel.swift in Sources */ = {isa = PBXBuildFile; fileRef = E10039712C7B867D00B83B67 /* DessertRecipeDetailsViewModel.swift */; };
		E10039742C7B8FB000B83B67 /* DesssertRecipeDetails.swift in Sources */ = {isa = PBXBuildFile; fileRef = E10039732C7B8FB000B83B67 /* DesssertRecipeDetails.swift */; };
		E10039772C7C0D7E00B83B67 /* CustomCornerRadious.swift in Sources */ = {isa = PBXBuildFile; fileRef = E10039762C7C0D7E00B83B67 /* CustomCornerRadious.swift */; };
		E10039792C7CE0B800B83B67 /* LocalizedString.swift in Sources */ = {isa = PBXBuildFile; fileRef = E10039782C7CE0B800B83B67 /* LocalizedString.swift */; };
		E100397B2C7CE96E00B83B67 /* RecipeCategoriesView.swift in Sources */ = {isa = PBXBuildFile; fileRef = E100397A2C7CE96E00B83B67 /* RecipeCategoriesView.swift */; };
		E100397D2C7CF1AE00B83B67 /* RecipeLandingView.swift in Sources */ = {isa = PBXBuildFile; fileRef = E100397C2C7CF1AE00B83B67 /* RecipeLandingView.swift */; };
		E12356F52C83818F003AD885 /* DessertServiceTest.swift in Sources */ = {isa = PBXBuildFile; fileRef = E12356F42C83818F003AD885 /* DessertServiceTest.swift */; };
		E161FED02C7A451300B4561D /* RecipeApp.swift in Sources */ = {isa = PBXBuildFile; fileRef = E161FECF2C7A451300B4561D /* RecipeApp.swift */; };
		E161FED22C7A451300B4561D /* DessertRecipeView.swift in Sources */ = {isa = PBXBuildFile; fileRef = E161FED12C7A451300B4561D /* DessertRecipeView.swift */; };
		E161FED42C7A451500B4561D /* Assets.xcassets in Resources */ = {isa = PBXBuildFile; fileRef = E161FED32C7A451500B4561D /* Assets.xcassets */; };
		E161FED72C7A451500B4561D /* Preview Assets.xcassets in Resources */ = {isa = PBXBuildFile; fileRef = E161FED62C7A451500B4561D /* Preview Assets.xcassets */; };
/* End PBXBuildFile section */

/* Begin PBXContainerItemProxy section */
		E12356F62C83818F003AD885 /* PBXContainerItemProxy */ = {
			isa = PBXContainerItemProxy;
			containerPortal = E161FEC42C7A451300B4561D /* Project object */;
			proxyType = 1;
			remoteGlobalIDString = E161FECB2C7A451300B4561D;
			remoteInfo = RecipeApp;
		};
/* End PBXContainerItemProxy section */

/* Begin PBXFileReference section */
		E10039642C7A626800B83B67 /* DessertRecipeDetailsView.swift */ = {isa = PBXFileReference; lastKnownFileType = sourcecode.swift; path = DessertRecipeDetailsView.swift; sourceTree = "<group>"; };
		E10039692C7A6D2000B83B67 /* DessertRecipeService.swift */ = {isa = PBXFileReference; lastKnownFileType = sourcecode.swift; path = DessertRecipeService.swift; sourceTree = "<group>"; };
		E100396C2C7A6E4B00B83B67 /* DessertRecipe.swift */ = {isa = PBXFileReference; lastKnownFileType = sourcecode.swift; path = DessertRecipe.swift; sourceTree = "<group>"; };
		E100396F2C7A798A00B83B67 /* DessertRecipeViewModel.swift */ = {isa = PBXFileReference; lastKnownFileType = sourcecode.swift; path = DessertRecipeViewModel.swift; sourceTree = "<group>"; };
		E10039712C7B867D00B83B67 /* DessertRecipeDetailsViewModel.swift */ = {isa = PBXFileReference; lastKnownFileType = sourcecode.swift; path = DessertRecipeDetailsViewModel.swift; sourceTree = "<group>"; };
		E10039732C7B8FB000B83B67 /* DesssertRecipeDetails.swift */ = {isa = PBXFileReference; lastKnownFileType = sourcecode.swift; path = DesssertRecipeDetails.swift; sourceTree = "<group>"; };
		E10039762C7C0D7E00B83B67 /* CustomCornerRadious.swift */ = {isa = PBXFileReference; lastKnownFileType = sourcecode.swift; path = CustomCornerRadious.swift; sourceTree = "<group>"; };
		E10039782C7CE0B800B83B67 /* LocalizedString.swift */ = {isa = PBXFileReference; lastKnownFileType = sourcecode.swift; path = LocalizedString.swift; sourceTree = "<group>"; };
		E100397A2C7CE96E00B83B67 /* RecipeCategoriesView.swift */ = {isa = PBXFileReference; lastKnownFileType = sourcecode.swift; path = RecipeCategoriesView.swift; sourceTree = "<group>"; };
		E100397C2C7CF1AE00B83B67 /* RecipeLandingView.swift */ = {isa = PBXFileReference; lastKnownFileType = sourcecode.swift; path = RecipeLandingView.swift; sourceTree = "<group>"; };
		E12356F22C83818F003AD885 /* RecipeAppTests.xctest */ = {isa = PBXFileReference; explicitFileType = wrapper.cfbundle; includeInIndex = 0; path = RecipeAppTests.xctest; sourceTree = BUILT_PRODUCTS_DIR; };
		E12356F42C83818F003AD885 /* DessertServiceTest.swift */ = {isa = PBXFileReference; lastKnownFileType = sourcecode.swift; path = DessertServiceTest.swift; sourceTree = "<group>"; };
		E161FECC2C7A451300B4561D /* RecipeApp.app */ = {isa = PBXFileReference; explicitFileType = wrapper.application; includeInIndex = 0; path = RecipeApp.app; sourceTree = BUILT_PRODUCTS_DIR; };
		E161FECF2C7A451300B4561D /* RecipeApp.swift */ = {isa = PBXFileReference; lastKnownFileType = sourcecode.swift; path = RecipeApp.swift; sourceTree = "<group>"; };
		E161FED12C7A451300B4561D /* DessertRecipeView.swift */ = {isa = PBXFileReference; lastKnownFileType = sourcecode.swift; path = DessertRecipeView.swift; sourceTree = "<group>"; };
		E161FED32C7A451500B4561D /* Assets.xcassets */ = {isa = PBXFileReference; lastKnownFileType = folder.assetcatalog; path = Assets.xcassets; sourceTree = "<group>"; };
		E161FED62C7A451500B4561D /* Preview Assets.xcassets */ = {isa = PBXFileReference; lastKnownFileType = folder.assetcatalog; path = "Preview Assets.xcassets"; sourceTree = "<group>"; };
/* End PBXFileReference section */

/* Begin PBXFrameworksBuildPhase section */
		E12356EF2C83818F003AD885 /* Frameworks */ = {
			isa = PBXFrameworksBuildPhase;
			buildActionMask = 2147483647;
			files = (
			);
			runOnlyForDeploymentPostprocessing = 0;
		};
		E161FEC92C7A451300B4561D /* Frameworks */ = {
			isa = PBXFrameworksBuildPhase;
			buildActionMask = 2147483647;
			files = (
			);
			runOnlyForDeploymentPostprocessing = 0;
		};
/* End PBXFrameworksBuildPhase section */

/* Begin PBXGroup section */
		E10039632C7A624500B83B67 /* View */ = {
			isa = PBXGroup;
			children = (
				E100397C2C7CF1AE00B83B67 /* RecipeLandingView.swift */,
				E100397A2C7CE96E00B83B67 /* RecipeCategoriesView.swift */,
				E161FED12C7A451300B4561D /* DessertRecipeView.swift */,
				E10039642C7A626800B83B67 /* DessertRecipeDetailsView.swift */,
			);
			path = View;
			sourceTree = "<group>";
		};
		E10039682C7A6C6900B83B67 /* Network Services */ = {
			isa = PBXGroup;
			children = (
				E10039692C7A6D2000B83B67 /* DessertRecipeService.swift */,
			);
			name = "Network Services";
			sourceTree = "<group>";
		};
		E100396B2C7A6E1C00B83B67 /* Model */ = {
			isa = PBXGroup;
			children = (
				E100396C2C7A6E4B00B83B67 /* DessertRecipe.swift */,
				E10039732C7B8FB000B83B67 /* DesssertRecipeDetails.swift */,
			);
			path = Model;
			sourceTree = "<group>";
		};
		E100396E2C7A791900B83B67 /* ViewModel */ = {
			isa = PBXGroup;
			children = (
				E100396F2C7A798A00B83B67 /* DessertRecipeViewModel.swift */,
				E10039712C7B867D00B83B67 /* DessertRecipeDetailsViewModel.swift */,
			);
			path = ViewModel;
			sourceTree = "<group>";
		};
		E10039752C7C0D1400B83B67 /* Common Components */ = {
			isa = PBXGroup;
			children = (
				E10039762C7C0D7E00B83B67 /* CustomCornerRadious.swift */,
				E10039782C7CE0B800B83B67 /* LocalizedString.swift */,
			);
			path = "Common Components";
			sourceTree = "<group>";
		};
		E12356F32C83818F003AD885 /* RecipeAppTests */ = {
			isa = PBXGroup;
			children = (
				E12356F42C83818F003AD885 /* DessertServiceTest.swift */,
			);
			path = RecipeAppTests;
			sourceTree = "<group>";
		};
		E161FEC32C7A451300B4561D = {
			isa = PBXGroup;
			children = (
				E161FECE2C7A451300B4561D /* RecipeApp */,
				E12356F32C83818F003AD885 /* RecipeAppTests */,
				E161FECD2C7A451300B4561D /* Products */,
			);
			sourceTree = "<group>";
		};
		E161FECD2C7A451300B4561D /* Products */ = {
			isa = PBXGroup;
			children = (
				E161FECC2C7A451300B4561D /* RecipeApp.app */,
				E12356F22C83818F003AD885 /* RecipeAppTests.xctest */,
			);
			name = Products;
			sourceTree = "<group>";
		};
		E161FECE2C7A451300B4561D /* RecipeApp */ = {
			isa = PBXGroup;
			children = (
				E161FECF2C7A451300B4561D /* RecipeApp.swift */,
				E100396B2C7A6E1C00B83B67 /* Model */,
				E10039632C7A624500B83B67 /* View */,
				E100396E2C7A791900B83B67 /* ViewModel */,
				E10039682C7A6C6900B83B67 /* Network Services */,
				E10039752C7C0D1400B83B67 /* Common Components */,
				E161FED32C7A451500B4561D /* Assets.xcassets */,
				E161FED52C7A451500B4561D /* Preview Content */,
			);
			path = RecipeApp;
			sourceTree = "<group>";
		};
		E161FED52C7A451500B4561D /* Preview Content */ = {
			isa = PBXGroup;
			children = (
				E161FED62C7A451500B4561D /* Preview Assets.xcassets */,
			);
			path = "Preview Content";
			sourceTree = "<group>";
		};
/* End PBXGroup section */

/* Begin PBXNativeTarget section */
		E12356F12C83818F003AD885 /* RecipeAppTests */ = {
			isa = PBXNativeTarget;
			buildConfigurationList = E12356FA2C83818F003AD885 /* Build configuration list for PBXNativeTarget "RecipeAppTests" */;
			buildPhases = (
				E12356EE2C83818F003AD885 /* Sources */,
				E12356EF2C83818F003AD885 /* Frameworks */,
				E12356F02C83818F003AD885 /* Resources */,
			);
			buildRules = (
			);
			dependencies = (
				E12356F72C83818F003AD885 /* PBXTargetDependency */,
			);
			name = RecipeAppTests;
			productName = RecipeAppTests;
			productReference = E12356F22C83818F003AD885 /* RecipeAppTests.xctest */;
			productType = "com.apple.product-type.bundle.unit-test";
		};
		E161FECB2C7A451300B4561D /* RecipeApp */ = {
			isa = PBXNativeTarget;
			buildConfigurationList = E161FEDA2C7A451500B4561D /* Build configuration list for PBXNativeTarget "RecipeApp" */;
			buildPhases = (
				E161FEC82C7A451300B4561D /* Sources */,
				E161FEC92C7A451300B4561D /* Frameworks */,
				E161FECA2C7A451300B4561D /* Resources */,
			);
			buildRules = (
			);
			dependencies = (
			);
			name = RecipeApp;
			productName = FetchReceipeApp;
			productReference = E161FECC2C7A451300B4561D /* RecipeApp.app */;
			productType = "com.apple.product-type.application";
		};
/* End PBXNativeTarget section */

/* Begin PBXProject section */
		E161FEC42C7A451300B4561D /* Project object */ = {
			isa = PBXProject;
			attributes = {
				BuildIndependentTargetsInParallel = 1;
				LastSwiftUpdateCheck = 1520;
				LastUpgradeCheck = 1520;
				TargetAttributes = {
					E12356F12C83818F003AD885 = {
						CreatedOnToolsVersion = 15.2;
						TestTargetID = E161FECB2C7A451300B4561D;
					};
					E161FECB2C7A451300B4561D = {
						CreatedOnToolsVersion = 15.2;
					};
				};
			};
			buildConfigurationList = E161FEC72C7A451300B4561D /* Build configuration list for PBXProject "RecipeApp" */;
			compatibilityVersion = "Xcode 14.0";
			developmentRegion = en;
			hasScannedForEncodings = 0;
			knownRegions = (
				en,
				Base,
			);
			mainGroup = E161FEC32C7A451300B4561D;
			productRefGroup = E161FECD2C7A451300B4561D /* Products */;
			projectDirPath = "";
			projectRoot = "";
			targets = (
				E161FECB2C7A451300B4561D /* RecipeApp */,
				E12356F12C83818F003AD885 /* RecipeAppTests */,
			);
		};
/* End PBXProject section */

/* Begin PBXResourcesBuildPhase section */
		E12356F02C83818F003AD885 /* Resources */ = {
			isa = PBXResourcesBuildPhase;
			buildActionMask = 2147483647;
			files = (
			);
			runOnlyForDeploymentPostprocessing = 0;
		};
		E161FECA2C7A451300B4561D /* Resources */ = {
			isa = PBXResourcesBuildPhase;
			buildActionMask = 2147483647;
			files = (
				E161FED72C7A451500B4561D /* Preview Assets.xcassets in Resources */,
				E161FED42C7A451500B4561D /* Assets.xcassets in Resources */,
			);
			runOnlyForDeploymentPostprocessing = 0;
		};
/* End PBXResourcesBuildPhase section */

/* Begin PBXSourcesBuildPhase section */
		E12356EE2C83818F003AD885 /* Sources */ = {
			isa = PBXSourcesBuildPhase;
			buildActionMask = 2147483647;
			files = (
				E12356F52C83818F003AD885 /* DessertServiceTest.swift in Sources */,
			);
			runOnlyForDeploymentPostprocessing = 0;
		};
		E161FEC82C7A451300B4561D /* Sources */ = {
			isa = PBXSourcesBuildPhase;
			buildActionMask = 2147483647;
			files = (
				E10039792C7CE0B800B83B67 /* LocalizedString.swift in Sources */,
				E100397B2C7CE96E00B83B67 /* RecipeCategoriesView.swift in Sources */,
				E100397D2C7CF1AE00B83B67 /* RecipeLandingView.swift in Sources */,
				E100396D2C7A6E4B00B83B67 /* DessertRecipe.swift in Sources */,
				E10039742C7B8FB000B83B67 /* DesssertRecipeDetails.swift in Sources */,
				E100396A2C7A6D2000B83B67 /* DessertRecipeService.swift in Sources */,
				E161FED22C7A451300B4561D /* DessertRecipeView.swift in Sources */,
				E10039652C7A626800B83B67 /* DessertRecipeDetailsView.swift in Sources */,
				E10039772C7C0D7E00B83B67 /* CustomCornerRadious.swift in Sources */,
				E10039722C7B867D00B83B67 /* DessertRecipeDetailsViewModel.swift in Sources */,
				E161FED02C7A451300B4561D /* RecipeApp.swift in Sources */,
				E10039702C7A798A00B83B67 /* DessertRecipeViewModel.swift in Sources */,
			);
			runOnlyForDeploymentPostprocessing = 0;
		};
/* End PBXSourcesBuildPhase section */

/* Begin PBXTargetDependency section */
		E12356F72C83818F003AD885 /* PBXTargetDependency */ = {
			isa = PBXTargetDependency;
			target = E161FECB2C7A451300B4561D /* RecipeApp */;
			targetProxy = E12356F62C83818F003AD885 /* PBXContainerItemProxy */;
		};
/* End PBXTargetDependency section */

/* Begin XCBuildConfiguration section */
		E12356F82C83818F003AD885 /* Debug */ = {
			isa = XCBuildConfiguration;
			buildSettings = {
				BUNDLE_LOADER = "$(TEST_HOST)";
				CODE_SIGN_STYLE = Automatic;
				CURRENT_PROJECT_VERSION = 1;
				GENERATE_INFOPLIST_FILE = YES;
				MARKETING_VERSION = 1.0;
				PRODUCT_BUNDLE_IDENTIFIER = com.bista.RecipeAppTests;
				PRODUCT_NAME = "$(TARGET_NAME)";
				SWIFT_EMIT_LOC_STRINGS = NO;
				SWIFT_VERSION = 5.0;
				TARGETED_DEVICE_FAMILY = "1,2";
				TEST_HOST = "$(BUILT_PRODUCTS_DIR)/RecipeApp.app/$(BUNDLE_EXECUTABLE_FOLDER_PATH)/RecipeApp";
			};
			name = Debug;
		};
		E12356F92C83818F003AD885 /* Release */ = {
			isa = XCBuildConfiguration;
			buildSettings = {
				BUNDLE_LOADER = "$(TEST_HOST)";
				CODE_SIGN_STYLE = Automatic;
				CURRENT_PROJECT_VERSION = 1;
				GENERATE_INFOPLIST_FILE = YES;
				MARKETING_VERSION = 1.0;
				PRODUCT_BUNDLE_IDENTIFIER = com.bista.RecipeAppTests;
				PRODUCT_NAME = "$(TARGET_NAME)";
				SWIFT_EMIT_LOC_STRINGS = NO;
				SWIFT_VERSION = 5.0;
				TARGETED_DEVICE_FAMILY = "1,2";
				TEST_HOST = "$(BUILT_PRODUCTS_DIR)/RecipeApp.app/$(BUNDLE_EXECUTABLE_FOLDER_PATH)/RecipeApp";
			};
			name = Release;
		};
		E161FED82C7A451500B4561D /* Debug */ = {
			isa = XCBuildConfiguration;
			buildSettings = {
				ALWAYS_SEARCH_USER_PATHS = NO;
				ASSETCATALOG_COMPILER_GENERATE_SWIFT_ASSET_SYMBOL_EXTENSIONS = YES;
				CLANG_ANALYZER_NONNULL = YES;
				CLANG_ANALYZER_NUMBER_OBJECT_CONVERSION = YES_AGGRESSIVE;
				CLANG_CXX_LANGUAGE_STANDARD = "gnu++20";
				CLANG_ENABLE_MODULES = YES;
				CLANG_ENABLE_OBJC_ARC = YES;
				CLANG_ENABLE_OBJC_WEAK = YES;
				CLANG_WARN_BLOCK_CAPTURE_AUTORELEASING = YES;
				CLANG_WARN_BOOL_CONVERSION = YES;
				CLANG_WARN_COMMA = YES;
				CLANG_WARN_CONSTANT_CONVERSION = YES;
				CLANG_WARN_DEPRECATED_OBJC_IMPLEMENTATIONS = YES;
				CLANG_WARN_DIRECT_OBJC_ISA_USAGE = YES_ERROR;
				CLANG_WARN_DOCUMENTATION_COMMENTS = YES;
				CLANG_WARN_EMPTY_BODY = YES;
				CLANG_WARN_ENUM_CONVERSION = YES;
				CLANG_WARN_INFINITE_RECURSION = YES;
				CLANG_WARN_INT_CONVERSION = YES;
				CLANG_WARN_NON_LITERAL_NULL_CONVERSION = YES;
				CLANG_WARN_OBJC_IMPLICIT_RETAIN_SELF = YES;
				CLANG_WARN_OBJC_LITERAL_CONVERSION = YES;
				CLANG_WARN_OBJC_ROOT_CLASS = YES_ERROR;
				CLANG_WARN_QUOTED_INCLUDE_IN_FRAMEWORK_HEADER = YES;
				CLANG_WARN_RANGE_LOOP_ANALYSIS = YES;
				CLANG_WARN_STRICT_PROTOTYPES = YES;
				CLANG_WARN_SUSPICIOUS_MOVE = YES;
				CLANG_WARN_UNGUARDED_AVAILABILITY = YES_AGGRESSIVE;
				CLANG_WARN_UNREACHABLE_CODE = YES;
				CLANG_WARN__DUPLICATE_METHOD_MATCH = YES;
				COPY_PHASE_STRIP = NO;
				DEBUG_INFORMATION_FORMAT = dwarf;
				ENABLE_STRICT_OBJC_MSGSEND = YES;
				ENABLE_TESTABILITY = YES;
				ENABLE_USER_SCRIPT_SANDBOXING = YES;
				GCC_C_LANGUAGE_STANDARD = gnu17;
				GCC_DYNAMIC_NO_PIC = NO;
				GCC_NO_COMMON_BLOCKS = YES;
				GCC_OPTIMIZATION_LEVEL = 0;
				GCC_PREPROCESSOR_DEFINITIONS = (
					"DEBUG=1",
					"$(inherited)",
				);
				GCC_WARN_64_TO_32_BIT_CONVERSION = YES;
				GCC_WARN_ABOUT_RETURN_TYPE = YES_ERROR;
				GCC_WARN_UNDECLARED_SELECTOR = YES;
				GCC_WARN_UNINITIALIZED_AUTOS = YES_AGGRESSIVE;
				GCC_WARN_UNUSED_FUNCTION = YES;
				GCC_WARN_UNUSED_VARIABLE = YES;
				IPHONEOS_DEPLOYMENT_TARGET = 17.2;
				LOCALIZATION_PREFERS_STRING_CATALOGS = YES;
				MTL_ENABLE_DEBUG_INFO = INCLUDE_SOURCE;
				MTL_FAST_MATH = YES;
				ONLY_ACTIVE_ARCH = YES;
				SDKROOT = iphoneos;
				SWIFT_ACTIVE_COMPILATION_CONDITIONS = "DEBUG $(inherited)";
				SWIFT_OPTIMIZATION_LEVEL = "-Onone";
			};
			name = Debug;
		};
		E161FED92C7A451500B4561D /* Release */ = {
			isa = XCBuildConfiguration;
			buildSettings = {
				ALWAYS_SEARCH_USER_PATHS = NO;
				ASSETCATALOG_COMPILER_GENERATE_SWIFT_ASSET_SYMBOL_EXTENSIONS = YES;
				CLANG_ANALYZER_NONNULL = YES;
				CLANG_ANALYZER_NUMBER_OBJECT_CONVERSION = YES_AGGRESSIVE;
				CLANG_CXX_LANGUAGE_STANDARD = "gnu++20";
				CLANG_ENABLE_MODULES = YES;
				CLANG_ENABLE_OBJC_ARC = YES;
				CLANG_ENABLE_OBJC_WEAK = YES;
				CLANG_WARN_BLOCK_CAPTURE_AUTORELEASING = YES;
				CLANG_WARN_BOOL_CONVERSION = YES;
				CLANG_WARN_COMMA = YES;
				CLANG_WARN_CONSTANT_CONVERSION = YES;
				CLANG_WARN_DEPRECATED_OBJC_IMPLEMENTATIONS = YES;
				CLANG_WARN_DIRECT_OBJC_ISA_USAGE = YES_ERROR;
				CLANG_WARN_DOCUMENTATION_COMMENTS = YES;
				CLANG_WARN_EMPTY_BODY = YES;
				CLANG_WARN_ENUM_CONVERSION = YES;
				CLANG_WARN_INFINITE_RECURSION = YES;
				CLANG_WARN_INT_CONVERSION = YES;
				CLANG_WARN_NON_LITERAL_NULL_CONVERSION = YES;
				CLANG_WARN_OBJC_IMPLICIT_RETAIN_SELF = YES;
				CLANG_WARN_OBJC_LITERAL_CONVERSION = YES;
				CLANG_WARN_OBJC_ROOT_CLASS = YES_ERROR;
				CLANG_WARN_QUOTED_INCLUDE_IN_FRAMEWORK_HEADER = YES;
				CLANG_WARN_RANGE_LOOP_ANALYSIS = YES;
				CLANG_WARN_STRICT_PROTOTYPES = YES;
				CLANG_WARN_SUSPICIOUS_MOVE = YES;
				CLANG_WARN_UNGUARDED_AVAILABILITY = YES_AGGRESSIVE;
				CLANG_WARN_UNREACHABLE_CODE = YES;
				CLANG_WARN__DUPLICATE_METHOD_MATCH = YES;
				COPY_PHASE_STRIP = NO;
				DEBUG_INFORMATION_FORMAT = "dwarf-with-dsym";
				ENABLE_NS_ASSERTIONS = NO;
				ENABLE_STRICT_OBJC_MSGSEND = YES;
				ENABLE_USER_SCRIPT_SANDBOXING = YES;
				GCC_C_LANGUAGE_STANDARD = gnu17;
				GCC_NO_COMMON_BLOCKS = YES;
				GCC_WARN_64_TO_32_BIT_CONVERSION = YES;
				GCC_WARN_ABOUT_RETURN_TYPE = YES_ERROR;
				GCC_WARN_UNDECLARED_SELECTOR = YES;
				GCC_WARN_UNINITIALIZED_AUTOS = YES_AGGRESSIVE;
				GCC_WARN_UNUSED_FUNCTION = YES;
				GCC_WARN_UNUSED_VARIABLE = YES;
				IPHONEOS_DEPLOYMENT_TARGET = 17.2;
				LOCALIZATION_PREFERS_STRING_CATALOGS = YES;
				MTL_ENABLE_DEBUG_INFO = NO;
				MTL_FAST_MATH = YES;
				SDKROOT = iphoneos;
				SWIFT_COMPILATION_MODE = wholemodule;
				VALIDATE_PRODUCT = YES;
			};
			name = Release;
		};
		E161FEDB2C7A451500B4561D /* Debug */ = {
			isa = XCBuildConfiguration;
			buildSettings = {
				ASSETCATALOG_COMPILER_APPICON_NAME = AppIcon;
				ASSETCATALOG_COMPILER_GLOBAL_ACCENT_COLOR_NAME = AccentColor;
				CODE_SIGN_STYLE = Automatic;
				CURRENT_PROJECT_VERSION = 1;
				DEVELOPMENT_ASSET_PATHS = "\"RecipeApp/Preview Content\"";
				DEVELOPMENT_TEAM = TU297MT8N2;
				ENABLE_PREVIEWS = YES;
				GENERATE_INFOPLIST_FILE = YES;
				INFOPLIST_KEY_UIApplicationSceneManifest_Generation = YES;
				INFOPLIST_KEY_UIApplicationSupportsIndirectInputEvents = YES;
				INFOPLIST_KEY_UILaunchScreen_Generation = YES;
				INFOPLIST_KEY_UISupportedInterfaceOrientations_iPad = "UIInterfaceOrientationPortrait UIInterfaceOrientationPortraitUpsideDown UIInterfaceOrientationLandscapeLeft UIInterfaceOrientationLandscapeRight";
				INFOPLIST_KEY_UISupportedInterfaceOrientations_iPhone = "UIInterfaceOrientationPortrait UIInterfaceOrientationLandscapeLeft UIInterfaceOrientationLandscapeRight";
				LD_RUNPATH_SEARCH_PATHS = (
					"$(inherited)",
					"@executable_path/Frameworks",
				);
				MARKETING_VERSION = 1.0;
				PRODUCT_BUNDLE_IDENTIFIER = com.bista.FetchReceipeApp;
				PRODUCT_NAME = "$(TARGET_NAME)";
				SWIFT_EMIT_LOC_STRINGS = YES;
				SWIFT_VERSION = 5.0;
				TARGETED_DEVICE_FAMILY = "1,2";
			};
			name = Debug;
		};
		E161FEDC2C7A451500B4561D /* Release */ = {
			isa = XCBuildConfiguration;
			buildSettings = {
				ASSETCATALOG_COMPILER_APPICON_NAME = AppIcon;
				ASSETCATALOG_COMPILER_GLOBAL_ACCENT_COLOR_NAME = AccentColor;
				CODE_SIGN_STYLE = Automatic;
				CURRENT_PROJECT_VERSION = 1;
				DEVELOPMENT_ASSET_PATHS = "\"RecipeApp/Preview Content\"";
				DEVELOPMENT_TEAM = TU297MT8N2;
				ENABLE_PREVIEWS = YES;
				GENERATE_INFOPLIST_FILE = YES;
				INFOPLIST_KEY_UIApplicationSceneManifest_Generation = YES;
				INFOPLIST_KEY_UIApplicationSupportsIndirectInputEvents = YES;
				INFOPLIST_KEY_UILaunchScreen_Generation = YES;
				INFOPLIST_KEY_UISupportedInterfaceOrientations_iPad = "UIInterfaceOrientationPortrait UIInterfaceOrientationPortraitUpsideDown UIInterfaceOrientationLandscapeLeft UIInterfaceOrientationLandscapeRight";
				INFOPLIST_KEY_UISupportedInterfaceOrientations_iPhone = "UIInterfaceOrientationPortrait UIInterfaceOrientationLandscapeLeft UIInterfaceOrientationLandscapeRight";
				LD_RUNPATH_SEARCH_PATHS = (
					"$(inherited)",
					"@executable_path/Frameworks",
				);
				MARKETING_VERSION = 1.0;
				PRODUCT_BUNDLE_IDENTIFIER = com.bista.FetchReceipeApp;
				PRODUCT_NAME = "$(TARGET_NAME)";
				SWIFT_EMIT_LOC_STRINGS = YES;
				SWIFT_VERSION = 5.0;
				TARGETED_DEVICE_FAMILY = "1,2";
			};
			name = Release;
		};
/* End XCBuildConfiguration section */

/* Begin XCConfigurationList section */
		E12356FA2C83818F003AD885 /* Build configuration list for PBXNativeTarget "RecipeAppTests" */ = {
			isa = XCConfigurationList;
			buildConfigurations = (
				E12356F82C83818F003AD885 /* Debug */,
				E12356F92C83818F003AD885 /* Release */,
			);
			defaultConfigurationIsVisible = 0;
			defaultConfigurationName = Release;
		};
		E161FEC72C7A451300B4561D /* Build configuration list for PBXProject "RecipeApp" */ = {
			isa = XCConfigurationList;
			buildConfigurations = (
				E161FED82C7A451500B4561D /* Debug */,
				E161FED92C7A451500B4561D /* Release */,
			);
			defaultConfigurationIsVisible = 0;
			defaultConfigurationName = Release;
		};
		E161FEDA2C7A451500B4561D /* Build configuration list for PBXNativeTarget "RecipeApp" */ = {
			isa = XCConfigurationList;
			buildConfigurations = (
				E161FEDB2C7A451500B4561D /* Debug */,
				E161FEDC2C7A451500B4561D /* Release */,
			);
			defaultConfigurationIsVisible = 0;
			defaultConfigurationName = Release;
		};
/* End XCConfigurationList section */
	};
	rootObject = E161FEC42C7A451300B4561D /* Project object */;
}
